<Solution>

  <Folder Name="/src/">
    <Project Path="MultiInherit.Core\MultiInherit.Core.csproj" />
    <Project Path="MultiInherit.EFCore\MultiInherit.EFCore.csproj" />
    <Project Path="MultiInherit.Generator\MultiInherit.Generator.csproj" />
  </Folder>

  <Folder Name="/samples/">
    <Project Path="MultiInherit.Sample\MultiInherit.Sample.csproj" />
  </Folder>
  <Folder Name="/_files/">
    <File Path="CLAUDE.md" />
    <File Path="Directory.Build.props" />
    <File Path="Directory.Packages.props" />
    <File Path="README.md" />
  </Folder>
  <Folder Name="/_github/" />
  <Folder Name="/_github/workflows/">
    <File Path=".github/workflows/dotnet.yml" />
  </Folder>
</Solution>
